
Microsoft Visual Studio Solution File, Format Version 12.00
# Visual Studio 15
VisualStudioVersion = 15.0.28010.2036
MinimumVisualStudioVersion = 10.0.40219.1
Project("{FAE04EC0-301F-11D3-BF4B-00C04F79EFBC}") = "BarcodeScanner", "Barcode_Scanner_Generator_C_Sharp\BarcodeScanner.csproj", "{7304EE20-588F-400D-8055-6997D465DDDE}"
EndProject
Global
	GlobalSection(SolutionConfigurationPlatforms) = preSolution
		Debug|Any CPU = Debug|Any CPU
		Release|Any CPU = Release|Any CPU
	EndGlobalSection
	GlobalSection(ProjectConfigurationPlatforms) = postSolution
		{7304EE20-588F-400D-8055-6997D465DDDE}.Debug|Any CPU.ActiveCfg = Debug|Any CPU
		{7304EE20-588F-400D-8055-6997D465DDDE}.Debug|Any CPU.Build.0 = Debug|Any CPU
		{7304EE20-588F-400D-8055-6997D465DDDE}.Release|Any CPU.ActiveCfg = Release|Any CPU
		{7304EE20-588F-400D-8055-6997D465DDDE}.Release|Any CPU.Build.0 = Release|Any CPU
	EndGlobalSection
	GlobalSection(SolutionProperties) = preSolution
		HideSolutionNode = FALSE
	EndGlobalSection
	GlobalSection(ExtensibilityGlobals) = postSolution
		SolutionGuid = {CC1CB4F7-FF5B-4A1B-8331-28750C6820E2}
	EndGlobalSection
EndGlobal
