
Microsoft Visual Studio Solution File, Format Version 12.00
# Visual Studio 15
VisualStudioVersion = 15.0.28010.2016
MinimumVisualStudioVersion = 10.0.40219.1
Project("{FAE04EC0-301F-11D3-BF4B-00C04F79EFBC}") = "VirtualLibrary", "VirtualLibrary\VirtualLibrary.csproj", "{11AC837D-A18C-4F48-916F-06B31B09FCE8}"
EndProject
Global
	GlobalSection(SolutionConfigurationPlatforms) = preSolution
		Debug|Any CPU = Debug|Any CPU
		Release|Any CPU = Release|Any CPU
	EndGlobalSection
	GlobalSection(ProjectConfigurationPlatforms) = postSolution
		{11AC837D-A18C-4F48-916F-06B31B09FCE8}.Debug|Any CPU.ActiveCfg = Debug|Any CPU
		{11AC837D-A18C-4F48-916F-06B31B09FCE8}.Debug|Any CPU.Build.0 = Debug|Any CPU
		{11AC837D-A18C-4F48-916F-06B31B09FCE8}.Release|Any CPU.ActiveCfg = Release|Any CPU
		{11AC837D-A18C-4F48-916F-06B31B09FCE8}.Release|Any CPU.Build.0 = Release|Any CPU
	EndGlobalSection
	GlobalSection(SolutionProperties) = preSolution
		HideSolutionNode = FALSE
	EndGlobalSection
	GlobalSection(ExtensibilityGlobals) = postSolution
		SolutionGuid = {841FD895-DBE3-4DC4-A93E-EA7022DF1A19}
	EndGlobalSection
EndGlobal
